Microsoft Visual Studio Solution File, Format Version 12.00
# Visual Studio 15
VisualStudioVersion = 15.0.27130.2024
MinimumVisualStudioVersion = 10.0.40219.1
Project("{FAE04EC0-301F-11D3-BF4B-00C04F79EFBC}") = "ZeroMunge", "ZeroMunge\ZeroMunge.csproj", "{08322025-AE41-4654-A4FD-D5FFA8F04BDA}"
EndProject
Project("{2150E333-8FDC-42A3-9474-1A3956D46DE8}") = "Solution Items", "Solution Items", "{D07E96B9-0EA9-4A5D-BDDE-FB50508D41DE}"
	ProjectSection(SolutionItems) = preProject
		HelpDocs\src\styles.css = HelpDocs\src\styles.css
		HelpDocs\src\topic_filelist.html = HelpDocs\src\topic_filelist.html
		HelpDocs\src\topic_gs.html = HelpDocs\src\topic_gs.html
		HelpDocs\src\topic_gs_addfiles.html = HelpDocs\src\topic_gs_addfiles.html
		HelpDocs\src\topic_gs_gamepath.html = HelpDocs\src\topic_gs_gamepath.html
		HelpDocs\src\topic_gs_ui.html = HelpDocs\src\topic_gs_ui.html
		HelpDocs\src\topic_start.html = HelpDocs\src\topic_start.html
		HelpDocs\src\topic_ui_actions.html = HelpDocs\src\topic_ui_actions.html
		HelpDocs\src\topic_ui_filelist.html = HelpDocs\src\topic_ui_filelist.html
		HelpDocs\src\topic_ui_log.html = HelpDocs\src\topic_ui_log.html
		HelpDocs\src\topic_ui_overview.html = HelpDocs\src\topic_ui_overview.html
	EndProjectSection
EndProject
Global
	GlobalSection(SolutionConfigurationPlatforms) = preSolution
		Debug|Any CPU = Debug|Any CPU
		DebugClearSettings|Any CPU = DebugClearSettings|Any CPU
		Release|Any CPU = Release|Any CPU
	EndGlobalSection
	GlobalSection(ProjectConfigurationPlatforms) = postSolution
		{08322025-AE41-4654-A4FD-D5FFA8F04BDA}.Debug|Any CPU.ActiveCfg = Debug|Any CPU
		{08322025-AE41-4654-A4FD-D5FFA8F04BDA}.Debug|Any CPU.Build.0 = Debug|Any CPU
		{08322025-AE41-4654-A4FD-D5FFA8F04BDA}.DebugClearSettings|Any CPU.ActiveCfg = DebugClearSettings|Any CPU
		{08322025-AE41-4654-A4FD-D5FFA8F04BDA}.DebugClearSettings|Any CPU.Build.0 = DebugClearSettings|Any CPU
		{08322025-AE41-4654-A4FD-D5FFA8F04BDA}.Release|Any CPU.ActiveCfg = Release|Any CPU
		{08322025-AE41-4654-A4FD-D5FFA8F04BDA}.Release|Any CPU.Build.0 = Release|Any CPU
	EndGlobalSection
	GlobalSection(SolutionProperties) = preSolution
		HideSolutionNode = FALSE
	EndGlobalSection
	GlobalSection(ExtensibilityGlobals) = postSolution
		SolutionGuid = {8C8E7A9D-2CBF-45EF-B078-86F96C7365C4}
	EndGlobalSection
EndGlobal
